
Microsoft Visual Studio Solution File, Format Version 12.00
# Visual Studio Version 17
VisualStudioVersion = 17.3.32929.385
MinimumVisualStudioVersion = 10.0.40219.1
Project("{FAE04EC0-301F-11D3-BF4B-00C04F79EFBC}") = "BlazorApp2.Server", "BlazorApp2\Server\BlazorApp2.Server.csproj", "{A7B51A9F-B521-485E-95D7-C4EF0BFFE996}"
EndProject
Project("{FAE04EC0-301F-11D3-BF4B-00C04F79EFBC}") = "BlazorApp2.Client", "BlazorApp2\Client\BlazorApp2.Client.csproj", "{26FFFE92-4C30-406A-B672-0D4D0DA6BA79}"
EndProject
Project("{FAE04EC0-301F-11D3-BF4B-00C04F79EFBC}") = "BlazorApp2.Shared", "BlazorApp2\Shared\BlazorApp2.Shared.csproj", "{5A4393FD-C6B7-4877-887D-1112A9B1758E}"
EndProject
Global
	GlobalSection(SolutionConfigurationPlatforms) = preSolution
		Debug|Any CPU = Debug|Any CPU
		Release|Any CPU = Release|Any CPU
	EndGlobalSection
	GlobalSection(ProjectConfigurationPlatforms) = postSolution
		{A7B51A9F-B521-485E-95D7-C4EF0BFFE996}.Debug|Any CPU.ActiveCfg = Debug|Any CPU
		{A7B51A9F-B521-485E-95D7-C4EF0BFFE996}.Debug|Any CPU.Build.0 = Debug|Any CPU
		{A7B51A9F-B521-485E-95D7-C4EF0BFFE996}.Release|Any CPU.ActiveCfg = Release|Any CPU
		{A7B51A9F-B521-485E-95D7-C4EF0BFFE996}.Release|Any CPU.Build.0 = Release|Any CPU
		{26FFFE92-4C30-406A-B672-0D4D0DA6BA79}.Debug|Any CPU.ActiveCfg = Debug|Any CPU
		{26FFFE92-4C30-406A-B672-0D4D0DA6BA79}.Debug|Any CPU.Build.0 = Debug|Any CPU
		{26FFFE92-4C30-406A-B672-0D4D0DA6BA79}.Release|Any CPU.ActiveCfg = Release|Any CPU
		{26FFFE92-4C30-406A-B672-0D4D0DA6BA79}.Release|Any CPU.Build.0 = Release|Any CPU
		{5A4393FD-C6B7-4877-887D-1112A9B1758E}.Debug|Any CPU.ActiveCfg = Debug|Any CPU
		{5A4393FD-C6B7-4877-887D-1112A9B1758E}.Debug|Any CPU.Build.0 = Debug|Any CPU
		{5A4393FD-C6B7-4877-887D-1112A9B1758E}.Release|Any CPU.ActiveCfg = Release|Any CPU
		{5A4393FD-C6B7-4877-887D-1112A9B1758E}.Release|Any CPU.Build.0 = Release|Any CPU
	EndGlobalSection
	GlobalSection(SolutionProperties) = preSolution
		HideSolutionNode = FALSE
	EndGlobalSection
	GlobalSection(ExtensibilityGlobals) = postSolution
		SolutionGuid = {C7ABA5B1-6AA3-4EAC-8CD8-CCEB7E616D56}
	EndGlobalSection
EndGlobal
